
Microsoft Visual Studio Solution File, Format Version 12.00
# Visual Studio Version 17
VisualStudioVersion = 17.7.34024.191
MinimumVisualStudioVersion = 10.0.40219.1
Project("{FAE04EC0-301F-11D3-BF4B-00C04F79EFBC}") = "CheckCameraSpec", "CheckCameraSpec.csproj", "{041CAF32-BA9B-4CAC-B6CF-00AC26BC8216}"
EndProject
Global
	GlobalSection(SolutionConfigurationPlatforms) = preSolution
		Debug|Any CPU = Debug|Any CPU
		Release|Any CPU = Release|Any CPU
	EndGlobalSection
	GlobalSection(ProjectConfigurationPlatforms) = postSolution
		{041CAF32-BA9B-4CAC-B6CF-00AC26BC8216}.Debug|Any CPU.ActiveCfg = Debug|Any CPU
		{041CAF32-BA9B-4CAC-B6CF-00AC26BC8216}.Debug|Any CPU.Build.0 = Debug|Any CPU
		{041CAF32-BA9B-4CAC-B6CF-00AC26BC8216}.Release|Any CPU.ActiveCfg = Release|Any CPU
		{041CAF32-BA9B-4CAC-B6CF-00AC26BC8216}.Release|Any CPU.Build.0 = Release|Any CPU
	EndGlobalSection
	GlobalSection(SolutionProperties) = preSolution
		HideSolutionNode = FALSE
	EndGlobalSection
	GlobalSection(ExtensibilityGlobals) = postSolution
		SolutionGuid = {E6B9D128-AEEE-4DAD-ACD1-B71D367623D2}
	EndGlobalSection
EndGlobal
